
Microsoft Visual Studio Solution File, Format Version 12.00
# Visual Studio 15
VisualStudioVersion = 15.0.28307.539
MinimumVisualStudioVersion = 10.0.40219.1
Project("{FAE04EC0-301F-11D3-BF4B-00C04F79EFBC}") = "MySQL2Excel", "MySQL2Excel\MySQL2Excel.csproj", "{15D8EB0E-A311-45DC-8926-C93649D79948}"
EndProject
Global
	GlobalSection(SolutionConfigurationPlatforms) = preSolution
		Debug|Any CPU = Debug|Any CPU
		Release|Any CPU = Release|Any CPU
	EndGlobalSection
	GlobalSection(ProjectConfigurationPlatforms) = postSolution
		{15D8EB0E-A311-45DC-8926-C93649D79948}.Debug|Any CPU.ActiveCfg = Debug|Any CPU
		{15D8EB0E-A311-45DC-8926-C93649D79948}.Debug|Any CPU.Build.0 = Debug|Any CPU
		{15D8EB0E-A311-45DC-8926-C93649D79948}.Release|Any CPU.ActiveCfg = Release|Any CPU
		{15D8EB0E-A311-45DC-8926-C93649D79948}.Release|Any CPU.Build.0 = Release|Any CPU
	EndGlobalSection
	GlobalSection(SolutionProperties) = preSolution
		HideSolutionNode = FALSE
	EndGlobalSection
	GlobalSection(ExtensibilityGlobals) = postSolution
		SolutionGuid = {622826B9-7678-457F-9A07-75784A976E2E}
	EndGlobalSection
EndGlobal
